// !$*UTF8*$!
{
	archiveVersion = 1;
	classes = {
	};
	objectVersion = 77;
	objects = {

/* Begin PBXBuildFile section */
		5BFDA4852E9262CB00552805 /* PersistenceKit in Frameworks */ = {isa = PBXBuildFile; productRef = 5BFDA4842E9262CB00552805 /* PersistenceKit */; };
/* End PBXBuildFile section */

/* Begin PBXContainerItemProxy section */
		5BFDA41B2E923F2B00552805 /* PBXContainerItemProxy */ = {
			isa = PBXContainerItemProxy;
			containerPortal = 5BFDA4032E923F1D00552805 /* Project object */;
			proxyType = 1;
			remoteGlobalIDString = 5BFDA40A2E923F1D00552805;
			remoteInfo = Whisked;
		};
		5BFDA4252E923F2B00552805 /* PBXContainerItemProxy */ = {
			isa = PBXContainerItemProxy;
			containerPortal = 5BFDA4032E923F1D00552805 /* Project object */;
			proxyType = 1;
			remoteGlobalIDString = 5BFDA40A2E923F1D00552805;
			remoteInfo = Whisked;
		};
/* End PBXContainerItemProxy section */

/* Begin PBXFileReference section */
		5BFDA40B2E923F1D00552805 /* Whisked.app */ = {isa = PBXFileReference; explicitFileType = wrapper.application; includeInIndex = 0; path = Whisked.app; sourceTree = BUILT_PRODUCTS_DIR; };
		5BFDA41A2E923F2B00552805 /* WhiskedTests.xctest */ = {isa = PBXFileReference; explicitFileType = wrapper.cfbundle; includeInIndex = 0; path = WhiskedTests.xctest; sourceTree = BUILT_PRODUCTS_DIR; };
		5BFDA4242E923F2B00552805 /* WhiskedUITests.xctest */ = {isa = PBXFileReference; explicitFileType = wrapper.cfbundle; includeInIndex = 0; path = WhiskedUITests.xctest; sourceTree = BUILT_PRODUCTS_DIR; };
/* End PBXFileReference section */

/* Begin PBXFileSystemSynchronizedRootGroup section */
		5BFDA40D2E923F1D00552805 /* Whisked */ = {
			isa = PBXFileSystemSynchronizedRootGroup;
			path = Whisked;
			sourceTree = "<group>";
		};
		5BFDA41D2E923F2B00552805 /* WhiskedTests */ = {
			isa = PBXFileSystemSynchronizedRootGroup;
			path = WhiskedTests;
			sourceTree = "<group>";
		};
		5BFDA4272E923F2B00552805 /* WhiskedUITests */ = {
			isa = PBXFileSystemSynchronizedRootGroup;
			path = WhiskedUITests;
			sourceTree = "<group>";
		};
/* End PBXFileSystemSynchronizedRootGroup section */

/* Begin PBXFrameworksBuildPhase section */
		5BFDA4082E923F1D00552805 /* Frameworks */ = {
			isa = PBXFrameworksBuildPhase;
			buildActionMask = 2147483647;
			files = (
				5BFDA4852E9262CB00552805 /* PersistenceKit in Frameworks */,
			);
			runOnlyForDeploymentPostprocessing = 0;
		};
		5BFDA4172E923F2B00552805 /* Frameworks */ = {
			isa = PBXFrameworksBuildPhase;
			buildActionMask = 2147483647;
			files = (
			);
			runOnlyForDeploymentPostprocessing = 0;
		};
		5BFDA4212E923F2B00552805 /* Frameworks */ = {
			isa = PBXFrameworksBuildPhase;
			buildActionMask = 2147483647;
			files = (
			);
			runOnlyForDeploymentPostprocessing = 0;
		};
/* End PBXFrameworksBuildPhase section */

/* Begin PBXGroup section */
		5BFDA4022E923F1D00552805 = {
			isa = PBXGroup;
			children = (
				5BFDA40D2E923F1D00552805 /* Whisked */,
				5BFDA41D2E923F2B00552805 /* WhiskedTests */,
				5BFDA4272E923F2B00552805 /* WhiskedUITests */,
				5BFDA40C2E923F1D00552805 /* Products */,
			);
			sourceTree = "<group>";
		};
		5BFDA40C2E923F1D00552805 /* Products */ = {
			isa = PBXGroup;
			children = (
				5BFDA40B2E923F1D00552805 /* Whisked.app */,
				5BFDA41A2E923F2B00552805 /* WhiskedTests.xctest */,
				5BFDA4242E923F2B00552805 /* WhiskedUITests.xctest */,
			);
			name = Products;
			sourceTree = "<group>";
		};
/* End PBXGroup section */

/* Begin PBXNativeTarget section */
		5BFDA40A2E923F1D00552805 /* Whisked */ = {
			isa = PBXNativeTarget;
			buildConfigurationList = 5BFDA42E2E923F2B00552805 /* Build configuration list for PBXNativeTarget "Whisked" */;
			buildPhases = (
				5BFDA4072E923F1D00552805 /* Sources */,
				5BFDA4082E923F1D00552805 /* Frameworks */,
				5BFDA4092E923F1D00552805 /* Resources */,
			);
			buildRules = (
			);
			dependencies = (
			);
			fileSystemSynchronizedGroups = (
				5BFDA40D2E923F1D00552805 /* Whisked */,
			);
			name = Whisked;
			packageProductDependencies = (
				5BFDA4842E9262CB00552805 /* PersistenceKit */,
			);
			productName = Whisked;
			productReference = 5BFDA40B2E923F1D00552805 /* Whisked.app */;
			productType = "com.apple.product-type.application";
		};
		5BFDA4192E923F2B00552805 /* WhiskedTests */ = {
			isa = PBXNativeTarget;
			buildConfigurationList = 5BFDA4312E923F2B00552805 /* Build configuration list for PBXNativeTarget "WhiskedTests" */;
			buildPhases = (
				5BFDA4162E923F2B00552805 /* Sources */,
				5BFDA4172E923F2B00552805 /* Frameworks */,
				5BFDA4182E923F2B00552805 /* Resources */,
			);
			buildRules = (
			);
			dependencies = (
				5BFDA41C2E923F2B00552805 /* PBXTargetDependency */,
			);
			fileSystemSynchronizedGroups = (
				5BFDA41D2E923F2B00552805 /* WhiskedTests */,
			);
			name = WhiskedTests;
			packageProductDependencies = (
			);
			productName = WhiskedTests;
			productReference = 5BFDA41A2E923F2B00552805 /* WhiskedTests.xctest */;
			productType = "com.apple.product-type.bundle.unit-test";
		};
		5BFDA4232E923F2B00552805 /* WhiskedUITests */ = {
			isa = PBXNativeTarget;
			buildConfigurationList = 5BFDA4342E923F2B00552805 /* Build configuration list for PBXNativeTarget "WhiskedUITests" */;
			buildPhases = (
				5BFDA4202E923F2B00552805 /* Sources */,
				5BFDA4212E923F2B00552805 /* Frameworks */,
				5BFDA4222E923F2B00552805 /* Resources */,
			);
			buildRules = (
			);
			dependencies = (
				5BFDA4262E923F2B00552805 /* PBXTargetDependency */,
			);
			fileSystemSynchronizedGroups = (
				5BFDA4272E923F2B00552805 /* WhiskedUITests */,
			);
			name = WhiskedUITests;
			packageProductDependencies = (
			);
			productName = WhiskedUITests;
			productReference = 5BFDA4242E923F2B00552805 /* WhiskedUITests.xctest */;
			productType = "com.apple.product-type.bundle.ui-testing";
		};
/* End PBXNativeTarget section */

/* Begin PBXProject section */
		5BFDA4032E923F1D00552805 /* Project object */ = {
			isa = PBXProject;
			attributes = {
				BuildIndependentTargetsInParallel = 1;
				LastSwiftUpdateCheck = 2600;
				LastUpgradeCheck = 2600;
				TargetAttributes = {
					5BFDA40A2E923F1D00552805 = {
						CreatedOnToolsVersion = 26.0.1;
					};
					5BFDA4192E923F2B00552805 = {
						CreatedOnToolsVersion = 26.0.1;
						TestTargetID = 5BFDA40A2E923F1D00552805;
					};
					5BFDA4232E923F2B00552805 = {
						CreatedOnToolsVersion = 26.0.1;
						TestTargetID = 5BFDA40A2E923F1D00552805;
					};
				};
			};
			buildConfigurationList = 5BFDA4062E923F1D00552805 /* Build configuration list for PBXProject "Whisked" */;
			developmentRegion = en;
			hasScannedForEncodings = 0;
			knownRegions = (
				en,
				Base,
			);
			mainGroup = 5BFDA4022E923F1D00552805;
			minimizedProjectReferenceProxies = 1;
			packageReferences = (
				5BFDA4832E9262CB00552805 /* XCLocalSwiftPackageReference "PersistenceKit" */,
			);
			preferredProjectObjectVersion = 77;
			productRefGroup = 5BFDA40C2E923F1D00552805 /* Products */;
			projectDirPath = "";
			projectRoot = "";
			targets = (
				5BFDA40A2E923F1D00552805 /* Whisked */,
				5BFDA4192E923F2B00552805 /* WhiskedTests */,
				5BFDA4232E923F2B00552805 /* WhiskedUITests */,
			);
		};
/* End PBXProject section */

/* Begin PBXResourcesBuildPhase section */
		5BFDA4092E923F1D00552805 /* Resources */ = {
			isa = PBXResourcesBuildPhase;
			buildActionMask = 2147483647;
			files = (
			);
			runOnlyForDeploymentPostprocessing = 0;
		};
		5BFDA4182E923F2B00552805 /* Resources */ = {
			isa = PBXResourcesBuildPhase;
			buildActionMask = 2147483647;
			files = (
			);
			runOnlyForDeploymentPostprocessing = 0;
		};
		5BFDA4222E923F2B00552805 /* Resources */ = {
			isa = PBXResourcesBuildPhase;
			buildActionMask = 2147483647;
			files = (
			);
			runOnlyForDeploymentPostprocessing = 0;
		};
/* End PBXResourcesBuildPhase section */

/* Begin PBXSourcesBuildPhase section */
		5BFDA4072E923F1D00552805 /* Sources */ = {
			isa = PBXSourcesBuildPhase;
			buildActionMask = 2147483647;
			files = (
			);
			runOnlyForDeploymentPostprocessing = 0;
		};
		5BFDA4162E923F2B00552805 /* Sources */ = {
			isa = PBXSourcesBuildPhase;
			buildActionMask = 2147483647;
			files = (
			);
			runOnlyForDeploymentPostprocessing = 0;
		};
		5BFDA4202E923F2B00552805 /* Sources */ = {
			isa = PBXSourcesBuildPhase;
			buildActionMask = 2147483647;
			files = (
			);
			runOnlyForDeploymentPostprocessing = 0;
		};
/* End PBXSourcesBuildPhase section */

/* Begin PBXTargetDependency section */
		5BFDA41C2E923F2B00552805 /* PBXTargetDependency */ = {
			isa = PBXTargetDependency;
			target = 5BFDA40A2E923F1D00552805 /* Whisked */;
			targetProxy = 5BFDA41B2E923F2B00552805 /* PBXContainerItemProxy */;
		};
		5BFDA4262E923F2B00552805 /* PBXTargetDependency */ = {
			isa = PBXTargetDependency;
			target = 5BFDA40A2E923F1D00552805 /* Whisked */;
			targetProxy = 5BFDA4252E923F2B00552805 /* PBXContainerItemProxy */;
		};
/* End PBXTargetDependency section */

/* Begin XCBuildConfiguration section */
		5BFDA42C2E923F2B00552805 /* Debug */ = {
			isa = XCBuildConfiguration;
			buildSettings = {
				ALWAYS_SEARCH_USER_PATHS = NO;
				ASSETCATALOG_COMPILER_GENERATE_SWIFT_ASSET_SYMBOL_EXTENSIONS = YES;
				CLANG_ANALYZER_NONNULL = YES;
				CLANG_ANALYZER_NUMBER_OBJECT_CONVERSION = YES_AGGRESSIVE;
				CLANG_CXX_LANGUAGE_STANDARD = "gnu++20";
				CLANG_ENABLE_MODULES = YES;
				CLANG_ENABLE_OBJC_ARC = YES;
				CLANG_ENABLE_OBJC_WEAK = YES;
				CLANG_WARN_BLOCK_CAPTURE_AUTORELEASING = YES;
				CLANG_WARN_BOOL_CONVERSION = YES;
				CLANG_WARN_COMMA = YES;
				CLANG_WARN_CONSTANT_CONVERSION = YES;
				CLANG_WARN_DEPRECATED_OBJC_IMPLEMENTATIONS = YES;
				CLANG_WARN_DIRECT_OBJC_ISA_USAGE = YES_ERROR;
				CLANG_WARN_DOCUMENTATION_COMMENTS = YES;
				CLANG_WARN_EMPTY_BODY = YES;
				CLANG_WARN_ENUM_CONVERSION = YES;
				CLANG_WARN_INFINITE_RECURSION = YES;
				CLANG_WARN_INT_CONVERSION = YES;
				CLANG_WARN_NON_LITERAL_NULL_CONVERSION = YES;
				CLANG_WARN_OBJC_IMPLICIT_RETAIN_SELF = YES;
				CLANG_WARN_OBJC_LITERAL_CONVERSION = YES;
				CLANG_WARN_OBJC_ROOT_CLASS = YES_ERROR;
				CLANG_WARN_QUOTED_INCLUDE_IN_FRAMEWORK_HEADER = YES;
				CLANG_WARN_RANGE_LOOP_ANALYSIS = YES;
				CLANG_WARN_STRICT_PROTOTYPES = YES;
				CLANG_WARN_SUSPICIOUS_MOVE = YES;
				CLANG_WARN_UNGUARDED_AVAILABILITY = YES_AGGRESSIVE;
				CLANG_WARN_UNREACHABLE_CODE = YES;
				CLANG_WARN__DUPLICATE_METHOD_MATCH = YES;
				COPY_PHASE_STRIP = NO;
				DEBUG_INFORMATION_FORMAT = dwarf;
				DEVELOPMENT_TEAM = HH8T95RY4V;
				ENABLE_STRICT_OBJC_MSGSEND = YES;
				ENABLE_TESTABILITY = YES;
				ENABLE_USER_SCRIPT_SANDBOXING = YES;
				GCC_C_LANGUAGE_STANDARD = gnu17;
				GCC_DYNAMIC_NO_PIC = NO;
				GCC_NO_COMMON_BLOCKS = YES;
				GCC_OPTIMIZATION_LEVEL = 0;
				GCC_PREPROCESSOR_DEFINITIONS = (
					"DEBUG=1",
					"$(inherited)",
				);
				GCC_WARN_64_TO_32_BIT_CONVERSION = YES;
				GCC_WARN_ABOUT_RETURN_TYPE = YES_ERROR;
				GCC_WARN_UNDECLARED_SELECTOR = YES;
				GCC_WARN_UNINITIALIZED_AUTOS = YES_AGGRESSIVE;
				GCC_WARN_UNUSED_FUNCTION = YES;
				GCC_WARN_UNUSED_VARIABLE = YES;
				IPHONEOS_DEPLOYMENT_TARGET = 26.0;
				LOCALIZATION_PREFERS_STRING_CATALOGS = YES;
				MTL_ENABLE_DEBUG_INFO = INCLUDE_SOURCE;
				MTL_FAST_MATH = YES;
				ONLY_ACTIVE_ARCH = YES;
				SDKROOT = iphoneos;
				SWIFT_ACTIVE_COMPILATION_CONDITIONS = "DEBUG $(inherited)";
				SWIFT_OPTIMIZATION_LEVEL = "-Onone";
			};
			name = Debug;
		};
		5BFDA42D2E923F2B00552805 /* Release */ = {
			isa = XCBuildConfiguration;
			buildSettings = {
				ALWAYS_SEARCH_USER_PATHS = NO;
				ASSETCATALOG_COMPILER_GENERATE_SWIFT_ASSET_SYMBOL_EXTENSIONS = YES;
				CLANG_ANALYZER_NONNULL = YES;
				CLANG_ANALYZER_NUMBER_OBJECT_CONVERSION = YES_AGGRESSIVE;
				CLANG_CXX_LANGUAGE_STANDARD = "gnu++20";
				CLANG_ENABLE_MODULES = YES;
				CLANG_ENABLE_OBJC_ARC = YES;
				CLANG_ENABLE_OBJC_WEAK = YES;
				CLANG_WARN_BLOCK_CAPTURE_AUTORELEASING = YES;
				CLANG_WARN_BOOL_CONVERSION = YES;
				CLANG_WARN_COMMA = YES;
				CLANG_WARN_CONSTANT_CONVERSION = YES;
				CLANG_WARN_DEPRECATED_OBJC_IMPLEMENTATIONS = YES;
				CLANG_WARN_DIRECT_OBJC_ISA_USAGE = YES_ERROR;
				CLANG_WARN_DOCUMENTATION_COMMENTS = YES;
				CLANG_WARN_EMPTY_BODY = YES;
				CLANG_WARN_ENUM_CONVERSION = YES;
				CLANG_WARN_INFINITE_RECURSION = YES;
				CLANG_WARN_INT_CONVERSION = YES;
				CLANG_WARN_NON_LITERAL_NULL_CONVERSION = YES;
				CLANG_WARN_OBJC_IMPLICIT_RETAIN_SELF = YES;
				CLANG_WARN_OBJC_LITERAL_CONVERSION = YES;
				CLANG_WARN_OBJC_ROOT_CLASS = YES_ERROR;
				CLANG_WARN_QUOTED_INCLUDE_IN_FRAMEWORK_HEADER = YES;
				CLANG_WARN_RANGE_LOOP_ANALYSIS = YES;
				CLANG_WARN_STRICT_PROTOTYPES = YES;
				CLANG_WARN_SUSPICIOUS_MOVE = YES;
				CLANG_WARN_UNGUARDED_AVAILABILITY = YES_AGGRESSIVE;
				CLANG_WARN_UNREACHABLE_CODE = YES;
				CLANG_WARN__DUPLICATE_METHOD_MATCH = YES;
				COPY_PHASE_STRIP = NO;
				DEBUG_INFORMATION_FORMAT = "dwarf-with-dsym";
				DEVELOPMENT_TEAM = HH8T95RY4V;
				ENABLE_NS_ASSERTIONS = NO;
				ENABLE_STRICT_OBJC_MSGSEND = YES;
				ENABLE_USER_SCRIPT_SANDBOXING = YES;
				GCC_C_LANGUAGE_STANDARD = gnu17;
				GCC_NO_COMMON_BLOCKS = YES;
				GCC_WARN_64_TO_32_BIT_CONVERSION = YES;
				GCC_WARN_ABOUT_RETURN_TYPE = YES_ERROR;
				GCC_WARN_UNDECLARED_SELECTOR = YES;
				GCC_WARN_UNINITIALIZED_AUTOS = YES_AGGRESSIVE;
				GCC_WARN_UNUSED_FUNCTION = YES;
				GCC_WARN_UNUSED_VARIABLE = YES;
				IPHONEOS_DEPLOYMENT_TARGET = 26.0;
				LOCALIZATION_PREFERS_STRING_CATALOGS = YES;
				MTL_ENABLE_DEBUG_INFO = NO;
				MTL_FAST_MATH = YES;
				SDKROOT = iphoneos;
				SWIFT_COMPILATION_MODE = wholemodule;
				VALIDATE_PRODUCT = YES;
			};
			name = Release;
		};
		5BFDA42F2E923F2B00552805 /* Debug */ = {
			isa = XCBuildConfiguration;
			buildSettings = {
				ASSETCATALOG_COMPILER_APPICON_NAME = AppIcon;
				ASSETCATALOG_COMPILER_GLOBAL_ACCENT_COLOR_NAME = AccentColor;
				CODE_SIGN_STYLE = Automatic;
				CURRENT_PROJECT_VERSION = 1;
				DEVELOPMENT_TEAM = HH8T95RY4V;
				ENABLE_PREVIEWS = YES;
				GENERATE_INFOPLIST_FILE = YES;
				INFOPLIST_KEY_UIApplicationSceneManifest_Generation = YES;
				INFOPLIST_KEY_UIApplicationSupportsIndirectInputEvents = YES;
				INFOPLIST_KEY_UILaunchScreen_Generation = YES;
				INFOPLIST_KEY_UISupportedInterfaceOrientations_iPad = "UIInterfaceOrientationPortrait UIInterfaceOrientationPortraitUpsideDown UIInterfaceOrientationLandscapeLeft UIInterfaceOrientationLandscapeRight";
				INFOPLIST_KEY_UISupportedInterfaceOrientations_iPhone = "UIInterfaceOrientationPortrait UIInterfaceOrientationLandscapeLeft UIInterfaceOrientationLandscapeRight";
				LD_RUNPATH_SEARCH_PATHS = (
					"$(inherited)",
					"@executable_path/Frameworks",
				);
				MARKETING_VERSION = 1.0;
				PRODUCT_BUNDLE_IDENTIFIER = fakih.Whisked;
				PRODUCT_NAME = "$(TARGET_NAME)";
				STRING_CATALOG_GENERATE_SYMBOLS = YES;
				SWIFT_APPROACHABLE_CONCURRENCY = YES;
				SWIFT_DEFAULT_ACTOR_ISOLATION = MainActor;
				SWIFT_EMIT_LOC_STRINGS = YES;
				SWIFT_STRICT_CONCURRENCY = complete;
				SWIFT_UPCOMING_FEATURE_CONCURRENCY_TASK_GROUP_DISCOUNT = YES;
				SWIFT_UPCOMING_FEATURE_DISABLE_OUTWARD_ACTOR_INFERENCE = YES;
				SWIFT_UPCOMING_FEATURE_INFER_SENDABLE_FROM_CAPTURES = YES;
				SWIFT_UPCOMING_FEATURE_GLOBAL_ACTOR_ISOLATED_TYPES_USABILITY = YES;
				SWIFT_UPCOMING_FEATURE_MEMBER_IMPORT_VISIBILITY = YES;
				SWIFT_UPCOMING_FEATURE_INFER_ISOLATED_CONFORMANCES = YES;
				SWIFT_UPCOMING_FEATURE_NONISOLATED_NONSENDING_BY_DEFAULT = YES;
				SWIFT_VERSION = 6.0;
				TARGETED_DEVICE_FAMILY = "1,2";
			};
			name = Debug;
		};
		5BFDA4302E923F2B00552805 /* Release */ = {
			isa = XCBuildConfiguration;
			buildSettings = {
				ASSETCATALOG_COMPILER_APPICON_NAME = AppIcon;
				ASSETCATALOG_COMPILER_GLOBAL_ACCENT_COLOR_NAME = AccentColor;
				CODE_SIGN_STYLE = Automatic;
				CURRENT_PROJECT_VERSION = 1;
				DEVELOPMENT_TEAM = HH8T95RY4V;
				ENABLE_PREVIEWS = YES;
				GENERATE_INFOPLIST_FILE = YES;
				INFOPLIST_KEY_UIApplicationSceneManifest_Generation = YES;
				INFOPLIST_KEY_UIApplicationSupportsIndirectInputEvents = YES;
				INFOPLIST_KEY_UILaunchScreen_Generation = YES;
				INFOPLIST_KEY_UISupportedInterfaceOrientations_iPad = "UIInterfaceOrientationPortrait UIInterfaceOrientationPortraitUpsideDown UIInterfaceOrientationLandscapeLeft UIInterfaceOrientationLandscapeRight";
				INFOPLIST_KEY_UISupportedInterfaceOrientations_iPhone = "UIInterfaceOrientationPortrait UIInterfaceOrientationLandscapeLeft UIInterfaceOrientationLandscapeRight";
				LD_RUNPATH_SEARCH_PATHS = (
					"$(inherited)",
					"@executable_path/Frameworks",
				);
				MARKETING_VERSION = 1.0;
				PRODUCT_BUNDLE_IDENTIFIER = fakih.Whisked;
				PRODUCT_NAME = "$(TARGET_NAME)";
				STRING_CATALOG_GENERATE_SYMBOLS = YES;
				SWIFT_APPROACHABLE_CONCURRENCY = YES;
				SWIFT_DEFAULT_ACTOR_ISOLATION = MainActor;
				SWIFT_EMIT_LOC_STRINGS = YES;
				SWIFT_STRICT_CONCURRENCY = complete;
				SWIFT_UPCOMING_FEATURE_CONCURRENCY_TASK_GROUP_DISCOUNT = YES;
				SWIFT_UPCOMING_FEATURE_DISABLE_OUTWARD_ACTOR_INFERENCE = YES;
				SWIFT_UPCOMING_FEATURE_INFER_SENDABLE_FROM_CAPTURES = YES;
				SWIFT_UPCOMING_FEATURE_GLOBAL_ACTOR_ISOLATED_TYPES_USABILITY = YES;
				SWIFT_UPCOMING_FEATURE_MEMBER_IMPORT_VISIBILITY = YES;
				SWIFT_UPCOMING_FEATURE_INFER_ISOLATED_CONFORMANCES = YES;
				SWIFT_UPCOMING_FEATURE_NONISOLATED_NONSENDING_BY_DEFAULT = YES;
				SWIFT_VERSION = 6.0;
				TARGETED_DEVICE_FAMILY = "1,2";
			};
			name = Release;
		};
		5BFDA4322E923F2B00552805 /* Debug */ = {
			isa = XCBuildConfiguration;
			buildSettings = {
				BUNDLE_LOADER = "$(TEST_HOST)";
				CODE_SIGN_STYLE = Automatic;
				CURRENT_PROJECT_VERSION = 1;
				DEVELOPMENT_TEAM = HH8T95RY4V;
				GENERATE_INFOPLIST_FILE = YES;
				IPHONEOS_DEPLOYMENT_TARGET = 26.0;
				MARKETING_VERSION = 1.0;
				PRODUCT_BUNDLE_IDENTIFIER = fakih.WhiskedTests;
				PRODUCT_NAME = "$(TARGET_NAME)";
				STRING_CATALOG_GENERATE_SYMBOLS = NO;
				SWIFT_APPROACHABLE_CONCURRENCY = YES;
				SWIFT_EMIT_LOC_STRINGS = NO;
				SWIFT_STRICT_CONCURRENCY = complete;
				SWIFT_UPCOMING_FEATURE_MEMBER_IMPORT_VISIBILITY = YES;
				SWIFT_VERSION = 6.0;
				TARGETED_DEVICE_FAMILY = "1,2";
				TEST_HOST = "$(BUILT_PRODUCTS_DIR)/Whisked.app/$(BUNDLE_EXECUTABLE_FOLDER_PATH)/Whisked";
			};
			name = Debug;
		};
		5BFDA4332E923F2B00552805 /* Release */ = {
			isa = XCBuildConfiguration;
			buildSettings = {
				BUNDLE_LOADER = "$(TEST_HOST)";
				CODE_SIGN_STYLE = Automatic;
				CURRENT_PROJECT_VERSION = 1;
				DEVELOPMENT_TEAM = HH8T95RY4V;
				GENERATE_INFOPLIST_FILE = YES;
				IPHONEOS_DEPLOYMENT_TARGET = 26.0;
				MARKETING_VERSION = 1.0;
				PRODUCT_BUNDLE_IDENTIFIER = fakih.WhiskedTests;
				PRODUCT_NAME = "$(TARGET_NAME)";
				STRING_CATALOG_GENERATE_SYMBOLS = NO;
				SWIFT_APPROACHABLE_CONCURRENCY = YES;
				SWIFT_EMIT_LOC_STRINGS = NO;
				SWIFT_STRICT_CONCURRENCY = complete;
				SWIFT_UPCOMING_FEATURE_MEMBER_IMPORT_VISIBILITY = YES;
				SWIFT_VERSION = 6.0;
				TARGETED_DEVICE_FAMILY = "1,2";
				TEST_HOST = "$(BUILT_PRODUCTS_DIR)/Whisked.app/$(BUNDLE_EXECUTABLE_FOLDER_PATH)/Whisked";
			};
			name = Release;
		};
		5BFDA4352E923F2B00552805 /* Debug */ = {
			isa = XCBuildConfiguration;
			buildSettings = {
				CODE_SIGN_STYLE = Automatic;
				CURRENT_PROJECT_VERSION = 1;
				DEVELOPMENT_TEAM = HH8T95RY4V;
				GENERATE_INFOPLIST_FILE = YES;
				MARKETING_VERSION = 1.0;
				PRODUCT_BUNDLE_IDENTIFIER = fakih.WhiskedUITests;
				PRODUCT_NAME = "$(TARGET_NAME)";
				STRING_CATALOG_GENERATE_SYMBOLS = NO;
				SWIFT_APPROACHABLE_CONCURRENCY = YES;
				SWIFT_EMIT_LOC_STRINGS = NO;
				SWIFT_STRICT_CONCURRENCY = complete;
				SWIFT_UPCOMING_FEATURE_MEMBER_IMPORT_VISIBILITY = YES;
				SWIFT_VERSION = 6.0;
				TARGETED_DEVICE_FAMILY = "1,2";
				TEST_TARGET_NAME = Whisked;
			};
			name = Debug;
		};
		5BFDA4362E923F2B00552805 /* Release */ = {
			isa = XCBuildConfiguration;
			buildSettings = {
				CODE_SIGN_STYLE = Automatic;
				CURRENT_PROJECT_VERSION = 1;
				DEVELOPMENT_TEAM = HH8T95RY4V;
				GENERATE_INFOPLIST_FILE = YES;
				MARKETING_VERSION = 1.0;
				PRODUCT_BUNDLE_IDENTIFIER = fakih.WhiskedUITests;
				PRODUCT_NAME = "$(TARGET_NAME)";
				STRING_CATALOG_GENERATE_SYMBOLS = NO;
				SWIFT_APPROACHABLE_CONCURRENCY = YES;
				SWIFT_EMIT_LOC_STRINGS = NO;
				SWIFT_STRICT_CONCURRENCY = complete;
				SWIFT_UPCOMING_FEATURE_MEMBER_IMPORT_VISIBILITY = YES;
				SWIFT_VERSION = 6.0;
				TARGETED_DEVICE_FAMILY = "1,2";
				TEST_TARGET_NAME = Whisked;
			};
			name = Release;
		};
/* End XCBuildConfiguration section */

/* Begin XCConfigurationList section */
		5BFDA4062E923F1D00552805 /* Build configuration list for PBXProject "Whisked" */ = {
			isa = XCConfigurationList;
			buildConfigurations = (
				5BFDA42C2E923F2B00552805 /* Debug */,
				5BFDA42D2E923F2B00552805 /* Release */,
			);
			defaultConfigurationIsVisible = 0;
			defaultConfigurationName = Release;
		};
		5BFDA42E2E923F2B00552805 /* Build configuration list for PBXNativeTarget "Whisked" */ = {
			isa = XCConfigurationList;
			buildConfigurations = (
				5BFDA42F2E923F2B00552805 /* Debug */,
				5BFDA4302E923F2B00552805 /* Release */,
			);
			defaultConfigurationIsVisible = 0;
			defaultConfigurationName = Release;
		};
		5BFDA4312E923F2B00552805 /* Build configuration list for PBXNativeTarget "WhiskedTests" */ = {
			isa = XCConfigurationList;
			buildConfigurations = (
				5BFDA4322E923F2B00552805 /* Debug */,
				5BFDA4332E923F2B00552805 /* Release */,
			);
			defaultConfigurationIsVisible = 0;
			defaultConfigurationName = Release;
		};
		5BFDA4342E923F2B00552805 /* Build configuration list for PBXNativeTarget "WhiskedUITests" */ = {
			isa = XCConfigurationList;
			buildConfigurations = (
				5BFDA4352E923F2B00552805 /* Debug */,
				5BFDA4362E923F2B00552805 /* Release */,
			);
			defaultConfigurationIsVisible = 0;
			defaultConfigurationName = Release;
		};
/* End XCConfigurationList section */

/* Begin XCLocalSwiftPackageReference section */
		5BFDA4832E9262CB00552805 /* XCLocalSwiftPackageReference "PersistenceKit" */ = {
			isa = XCLocalSwiftPackageReference;
			relativePath = PersistenceKit;
		};
/* End XCLocalSwiftPackageReference section */

/* Begin XCSwiftPackageProductDependency section */
		5BFDA4842E9262CB00552805 /* PersistenceKit */ = {
			isa = XCSwiftPackageProductDependency;
			productName = PersistenceKit;
		};
/* End XCSwiftPackageProductDependency section */
	};
	rootObject = 5BFDA4032E923F1D00552805 /* Project object */;
}
